{
  "nodes": {
    "nixpkgs": {
      "locked": {
        "lastModified": 1640887906,
        "narHash": "sha256-Eupk1UlNicCD2UNZuEKt6yhE6kFWAxXM/HyziOjG9CA=",
        "owner": "NixOS",
        "repo": "nixpkgs",
        "rev": "8a053bc2255659c5ca52706b9e12e76a8f50dbdd",
        "type": "github"
      },
      "original": {
        "owner": "NixOS",
        "ref": "nixos-21.11",
        "repo": "nixpkgs",
        "type": "github"
      }
    },
    "nixpkgs_2": {
      "locked": {
        "lastModified": 1640350772,
        "narHash": "sha256-8Ug1fj5CLjyECT1Jw1VjeJ7+dmgO5grsXoXre3PywO4=",
        "owner": "nixos",
        "repo": "nixpkgs",
        "rev": "00f84d37a2507dee0219cf894f11a7cbf0c49ccb",
        "type": "github"
      },
      "original": {
        "owner": "nixos",
        "ref": "nixos-21.11",
        "repo": "nixpkgs",
        "type": "github"
      }
    },
    "personal": {
      "inputs": {
        "nixpkgs": "nixpkgs_2",
        "utils": "utils"
      },
      "locked": {
        "lastModified": 1640939817,
        "narHash": "sha256-RVx0cVrQ2PWdd3ZIhvyoqAl6MnTJrCqVMiZ0pSrLq1o=",
        "ref": "master",
        "rev": "2de551af5b1fc6a273b5d2912ca59cd2921e12b9",
        "revCount": 10,
        "type": "git",
        "url": "https://code.akitaki.tk/nix-packages.git"
      },
      "original": {
        "type": "git",
        "url": "https://code.akitaki.tk/nix-packages.git"
      }
    },
    "root": {
      "inputs": {
        "nixpkgs": "nixpkgs",
        "personal": "personal",
        "unstable": "unstable",
        "utils": "utils_2"
      }
    },
    "unstable": {
      "locked": {
        "lastModified": 1640871638,
        "narHash": "sha256-ty6sGnJUQEkCd43At5U3DRQZD7rPARz5VginSW6hZ3k=",
        "owner": "NixOS",
        "repo": "nixpkgs",
        "rev": "5b091d4fbe3b7b7493c3b46fe0842e4b30ea24b3",
        "type": "github"
      },
      "original": {
        "owner": "NixOS",
        "ref": "nixos-unstable",
        "repo": "nixpkgs",
        "type": "github"
      }
    },
    "utils": {
      "locked": {
        "lastModified": 1638122382,
        "narHash": "sha256-sQzZzAbvKEqN9s0bzWuYmRaA03v40gaJ4+iL1LXjaeI=",
        "owner": "numtide",
        "repo": "flake-utils",
        "rev": "74f7e4319258e287b0f9cb95426c9853b282730b",
        "type": "github"
      },
      "original": {
        "owner": "numtide",
        "repo": "flake-utils",
        "type": "github"
      }
    },
    "utils_2": {
      "locked": {
        "lastModified": 1638122382,
        "narHash": "sha256-sQzZzAbvKEqN9s0bzWuYmRaA03v40gaJ4+iL1LXjaeI=",
        "owner": "numtide",
        "repo": "flake-utils",
        "rev": "74f7e4319258e287b0f9cb95426c9853b282730b",
        "type": "github"
      },
      "original": {
        "owner": "numtide",
        "repo": "flake-utils",
        "type": "github"
      }
    }
  },
  "root": "root",
  "version": 7
}
