{
  "nodes": {
    "nixpkgs": {
      "locked": {
        "lastModified": 1647992509,
        "narHash": "sha256-AG40Nt5OWz0LBs5p457emOuwLKOvTtcv/2fUdnEN3Ws=",
        "owner": "NixOS",
        "repo": "nixpkgs",
        "rev": "d2caa9377539e3b5ff1272ac3aa2d15f3081069f",
        "type": "github"
      },
      "original": {
        "owner": "NixOS",
        "ref": "nixos-21.11",
        "repo": "nixpkgs",
        "type": "github"
      }
    },
    "root": {
      "inputs": {
        "nixpkgs": "nixpkgs",
        "unstable": "unstable",
        "utils": "utils"
      }
    },
    "unstable": {
      "locked": {
        "lastModified": 1647893727,
        "narHash": "sha256-pOi7VdCb+s5Cwh5CS7YEZVRgH9uCmE87J5W7iXv29Ck=",
        "owner": "NixOS",
        "repo": "nixpkgs",
        "rev": "1ec61dd4167f04be8d05c45780818826132eea0d",
        "type": "github"
      },
      "original": {
        "owner": "NixOS",
        "ref": "nixos-unstable",
        "repo": "nixpkgs",
        "type": "github"
      }
    },
    "utils": {
      "locked": {
        "lastModified": 1644229661,
        "narHash": "sha256-1YdnJAsNy69bpcjuoKdOYQX0YxZBiCYZo4Twxerqv7k=",
        "owner": "numtide",
        "repo": "flake-utils",
        "rev": "3cecb5b042f7f209c56ffd8371b2711a290ec797",
        "type": "github"
      },
      "original": {
        "owner": "numtide",
        "repo": "flake-utils",
        "type": "github"
      }
    }
  },
  "root": "root",
  "version": 7
}
